Microsoft Visual Studio Solution File, Format Version 11.00
# Visual Studio 2008

Project("{01C5E280-EE2B-C5F4-18FC-863959E93977}") = "VRcitec_good7.1 unity 5.5", "Assembly-CSharp-firstpass.csproj", "{2AC98C0B-642B-2623-5EE5-B18D6595F190}"
EndProject
Project("{01C5E280-EE2B-C5F4-18FC-863959E93977}") = "VRcitec_good7.1 unity 5.5", "Assembly-CSharp.csproj", "{C4BC8114-C19A-58EF-95E8-C5EEA8C7671F}"
EndProject
Project("{01C5E280-EE2B-C5F4-18FC-863959E93977}") = "VRcitec_good7.1 unity 5.5", "Assembly-CSharp-Editor-firstpass.csproj", "{3B5D0CE0-FEE3-06CB-5E3F-D2B03C1232EF}"
EndProject
Project("{01C5E280-EE2B-C5F4-18FC-863959E93977}") = "VRcitec_good7.1 unity 5.5", "Assembly-CSharp-Editor.csproj", "{E68F0D24-3593-B0AE-2841-B80E50AE1BF0}"
EndProject
Global
	GlobalSection(SolutionConfigurationPlatforms) = preSolution
		Debug|Any CPU = Debug|Any CPU
		Release|Any CPU = Release|Any CPU
	EndGlobalSection
	GlobalSection(ProjectConfigurationPlatforms) = postSolution
		{2AC98C0B-642B-2623-5EE5-B18D6595F190}.Debug|Any CPU.ActiveCfg = Debug|Any CPU
		{2AC98C0B-642B-2623-5EE5-B18D6595F190}.Debug|Any CPU.Build.0 = Debug|Any CPU
		{2AC98C0B-642B-2623-5EE5-B18D6595F190}.Release|Any CPU.ActiveCfg = Release|Any CPU
		{2AC98C0B-642B-2623-5EE5-B18D6595F190}.Release|Any CPU.Build.0 = Release|Any CPU
		{C4BC8114-C19A-58EF-95E8-C5EEA8C7671F}.Debug|Any CPU.ActiveCfg = Debug|Any CPU
		{C4BC8114-C19A-58EF-95E8-C5EEA8C7671F}.Debug|Any CPU.Build.0 = Debug|Any CPU
		{C4BC8114-C19A-58EF-95E8-C5EEA8C7671F}.Release|Any CPU.ActiveCfg = Release|Any CPU
		{C4BC8114-C19A-58EF-95E8-C5EEA8C7671F}.Release|Any CPU.Build.0 = Release|Any CPU
		{3B5D0CE0-FEE3-06CB-5E3F-D2B03C1232EF}.Debug|Any CPU.ActiveCfg = Debug|Any CPU
		{3B5D0CE0-FEE3-06CB-5E3F-D2B03C1232EF}.Debug|Any CPU.Build.0 = Debug|Any CPU
		{3B5D0CE0-FEE3-06CB-5E3F-D2B03C1232EF}.Release|Any CPU.ActiveCfg = Release|Any CPU
		{3B5D0CE0-FEE3-06CB-5E3F-D2B03C1232EF}.Release|Any CPU.Build.0 = Release|Any CPU
		{E68F0D24-3593-B0AE-2841-B80E50AE1BF0}.Debug|Any CPU.ActiveCfg = Debug|Any CPU
		{E68F0D24-3593-B0AE-2841-B80E50AE1BF0}.Debug|Any CPU.Build.0 = Debug|Any CPU
		{E68F0D24-3593-B0AE-2841-B80E50AE1BF0}.Release|Any CPU.ActiveCfg = Release|Any CPU
		{E68F0D24-3593-B0AE-2841-B80E50AE1BF0}.Release|Any CPU.Build.0 = Release|Any CPU
	EndGlobalSection
	GlobalSection(SolutionProperties) = preSolution
		HideSolutionNode = FALSE
	EndGlobalSection
	GlobalSection(MonoDevelopProperties) = preSolution
		StartupItem = Assembly-CSharp.csproj
	EndGlobalSection
EndGlobal
